github.com/davecgh/go-spew v1.1.1 h1:vj9j/u1bqnvCEfJOwUhtlOARqs3+rkHYY13jYWTU97c=
github.com/davecgh/go-spew v1.1.1/go.mod h1:J7Y8YcW2NihsgmVo/mv3lAwl/skON4iLHjSsI+c5H38=
github.com/orian/clickhouse-sql-parser v0.0.0-20250301225821-9825d50f553f/go.mod h1:W0Z82wJWkJxz2RVun/RMwxue3g7ut47Xxl+SFqdJGus=
github.com/orian/clickhouse-sql-parser v0.0.0-20250320222130-bf9b88abec1e h1:YtuEygzM9ukXTbPso/bnLt/IHnS5KgKQm3Pb/cW5LGM=
github.com/orian/clickhouse-sql-parser v0.0.0-20250320222130-bf9b88abec1e/go.mod h1:W0Z82wJWkJxz2RVun/RMwxue3g7ut47Xxl+SFqdJGus=
github.com/orian/clickhouse-sql-parser v0.0.0-20250320223840-12b000d08bee h1:BYDvWgAeTFSB01fow3lcVtNGrN43Dex4nFqqAiplpzk=
github.com/orian/clickhouse-sql-parser v0.0.0-20250320223840-12b000d08bee/go.mod h1:W0Z82wJWkJxz2RVun/RMwxue3g7ut47Xxl+SFqdJGus=
github.com/orian/clickhouse-sql-parser v0.0.0-20250320225736-22bb3dc815f2 h1:oeQvtcfa/cFyMlRiKOM9VaHMyiec5fmoo6T/6YcC4x0=
github.com/orian/clickhouse-sql-parser v0.0.0-20250320225736-22bb3dc815f2/go.mod h1:W0Z82wJWkJxz2RVun/RMwxue3g7ut47Xxl+SFqdJGus=
github.com/orian/clickhouse-sql-parser v0.0.0-20250320231029-26b1c0c67bfb h1:X9yExaVAbjvR6lO8SoDLsFYsyef0ThdID08YIM+vo9k=
github.com/orian/clickhouse-sql-parser v0.0.0-20250320231029-26b1c0c67bfb/go.mod h1:W0Z82wJWkJxz2RVun/RMwxue3g7ut47Xxl+SFqdJGus=
github.com/pmezard/go-difflib v1.0.0 h1:4DBwDE0NGyQoBHbLQYPwSUPoCMWR5BEzIk/f1lZbAQM=
github.com/pmezard/go-difflib v1.0.0/go.mod h1:iKH77koFhYxTK1pcRnkKkqfTogsbg7gZNVY4sRDYZ/4=
github.com/sebdah/goldie/v2 v2.5.3 h1:9ES/mNN+HNUbNWpVAlrzuZ7jE+Nrczbj8uFRjM7624Y=
github.com/sebdah/goldie/v2 v2.5.3/go.mod h1:oZ9fp0+se1eapSRjfYbsV/0Hqhbuu3bJVvKI/NNtssI=
github.com/sergi/go-diff v1.0.0 h1:Kpca3qRNrduNnOQeazBd0ysaKrUJiIuISHxogkT9RPQ=
github.com/sergi/go-diff v1.0.0/go.mod h1:0CfEIISq7TuYL3j771MWULgwwjU+GofnZX9QAmXWZgo=
github.com/stretchr/testify v1.10.0 h1:Xv5erBjTwe/5IxqUQTdXv5kgmIvbHo3QQyRwhJsOfJA=
github.com/stretchr/testify v1.10.0/go.mod h1:r2ic/lqez/lEtzL7wO/rwa5dbSLXVDPFyf8C91i36aY=
gopkg.in/check.v1 v0.0.0-20161208181325-20d25e280405 h1:yhCVgyC4o1eVCa2tZl7eS0r+SDo693bJlVdllGtEeKM=
gopkg.in/check.v1 v0.0.0-20161208181325-20d25e280405/go.mod h1:Co6ibVJAznAaIkqp8huTwlJQCZ016jof/cbN4VW5Yz0=
gopkg.in/yaml.v3 v3.0.1 h1:fxVm/GzAzEWqLHuvctI91KS9hhNmmWOoWu0XTYJS7CA=
gopkg.in/yaml.v3 v3.0.1/go.mod h1:K4uyk7z7BCEPqu6E+C64Yfv1cQ7kz7rIZviUmN+EgEM=
